
Microsoft Visual Studio Solution File, Format Version 12.00
# Visual Studio Version 17
VisualStudioVersion = 17.10.35013.160
MinimumVisualStudioVersion = 10.0.40219.1
Project("{8BC9CEB8-8B4A-11D0-8D11-00A0C91BC942}") = "Practice4", "Practice4.vcxproj", "{2DFCD6CA-A4BE-414C-BEAD-764101A7EC53}"
EndProject
Global
	GlobalSection(SolutionConfigurationPlatforms) = preSolution
		Debug|x64 = Debug|x64
		Debug|x86 = Debug|x86
		Release|x64 = Release|x64
		Release|x86 = Release|x86
	EndGlobalSection
	GlobalSection(ProjectConfigurationPlatforms) = postSolution
		{2DFCD6CA-A4BE-414C-BEAD-764101A7EC53}.Debug|x64.ActiveCfg = Debug|x64
		{2DFCD6CA-A4BE-414C-BEAD-764101A7EC53}.Debug|x64.Build.0 = Debug|x64
		{2DFCD6CA-A4BE-414C-BEAD-764101A7EC53}.Debug|x86.ActiveCfg = Debug|Win32
		{2DFCD6CA-A4BE-414C-BEAD-764101A7EC53}.Debug|x86.Build.0 = Debug|Win32
		{2DFCD6CA-A4BE-414C-BEAD-764101A7EC53}.Release|x64.ActiveCfg = Release|x64
		{2DFCD6CA-A4BE-414C-BEAD-764101A7EC53}.Release|x64.Build.0 = Release|x64
		{2DFCD6CA-A4BE-414C-BEAD-764101A7EC53}.Release|x86.ActiveCfg = Release|Win32
		{2DFCD6CA-A4BE-414C-BEAD-764101A7EC53}.Release|x86.Build.0 = Release|Win32
	EndGlobalSection
	GlobalSection(SolutionProperties) = preSolution
		HideSolutionNode = FALSE
	EndGlobalSection
	GlobalSection(ExtensibilityGlobals) = postSolution
		SolutionGuid = {D2715BA6-C63F-49E0-AC37-DB2F15D8758D}
	EndGlobalSection
EndGlobal
